{
  "version": "5",
  "specifiers": {
    "jsr:@hono/hono@4": "4.12.12",
    "jsr:@std/assert@*": "1.0.16",
    "jsr:@std/internal@^1.0.12": "1.0.12",
    "npm:drizzle-orm@0.44": "0.44.7_postgres@3.4.9",
    "npm:postgres@^3.4.0": "3.4.9",
    "npm:zod@^3.24.0": "3.25.76"
  },
  "jsr": {
    "@hono/hono@4.12.12": {
      "integrity": "dc765178d38b5c4619b358062f6aa5514f7205bb0530b2823ff6265bec69c535"
    },
    "@std/assert@1.0.16": {
      "integrity": "6a7272ed1eaa77defe76e5ff63ca705d9c495077e2d5fd0126d2b53fc5bd6532",
      "dependencies": [
        "jsr:@std/internal"
      ]
    },
    "@std/internal@1.0.12": {
      "integrity": "972a634fd5bc34b242024402972cd5143eac68d8dffaca5eaa4dba30ce17b027"
    }
  },
  "npm": {
    "drizzle-orm@0.44.7_postgres@3.4.9": {
      "integrity": "sha512-quIpnYznjU9lHshEOAYLoZ9s3jweleHlZIAWR/jX9gAWNg/JhQ1wj0KGRf7/Zm+obRrYd9GjPVJg790QY9N5AQ==",
      "dependencies": [
        "postgres"
      ],
      "optionalPeers": [
        "postgres"
      ]
    },
    "postgres@3.4.9": {
      "integrity": "sha512-GD3qdB0x1z9xgFI6cdRD6xu2Sp2WCOEoe3mtnyB5Ee0XrrL5Pe+e4CCnJrRMnL1zYtRDZmQQVbvOttLnKDLnaw=="
    },
    "zod@3.25.76": {
      "integrity": "sha512-gzUt/qt81nXsFGKIFcC3YnfEAx5NkunCfnDlvuBSSFS02bcXu4Lmea0AFIUwbLWxWPx3d9p8S5QoaujKcNQxcQ=="
    }
  },
  "workspace": {
    "members": {
      "packages/shared": {
        "dependencies": [
          "npm:zod@^3.24.0"
        ]
      },
      "server": {
        "dependencies": [
          "jsr:@hono/hono@4",
          "npm:drizzle-orm@0.44",
          "npm:postgres@^3.4.0"
        ]
      }
    }
  }
}
